// !$*UTF8*$!
{
	archiveVersion = 1;
	classes = {
	};
	objectVersion = 46;
	objects = {

/* Begin PBXBuildFile section */
		3FEB96AE194677B200A7ED95 /* Foundation.framework in Frameworks */ = {isa = PBXBuildFile; fileRef = 3FEB96AD194677B200A7ED95 /* Foundation.framework */; };
		3FEB96B0194677B200A7ED95 /* CoreGraphics.framework in Frameworks */ = {isa = PBXBuildFile; fileRef = 3FEB96AF194677B200A7ED95 /* CoreGraphics.framework */; };
		3FEB96B2194677B200A7ED95 /* UIKit.framework in Frameworks */ = {isa = PBXBuildFile; fileRef = 3FEB96B1194677B200A7ED95 /* UIKit.framework */; };
		3FEB96B8194677B200A7ED95 /* InfoPlist.strings in Resources */ = {isa = PBXBuildFile; fileRef = 3FEB96B6194677B200A7ED95 /* InfoPlist.strings */; };
		3FEB96BA194677B200A7ED95 /* main.m in Sources */ = {isa = PBXBuildFile; fileRef = 3FEB96B9194677B200A7ED95 /* main.m */; };
		3FEB96BE194677B200A7ED95 /* TAppDelegate.m in Sources */ = {isa = PBXBuildFile; fileRef = 3FEB96BD194677B200A7ED95 /* TAppDelegate.m */; };
		3FEB96C1194677B200A7ED95 /* Main.storyboard in Resources */ = {isa = PBXBuildFile; fileRef = 3FEB96BF194677B200A7ED95 /* Main.storyboard */; };
		3FEB96C4194677B200A7ED95 /* TViewController.m in Sources */ = {isa = PBXBuildFile; fileRef = 3FEB96C3194677B200A7ED95 /* TViewController.m */; };
		3FEB96C6194677B200A7ED95 /* Images.xcassets in Resources */ = {isa = PBXBuildFile; fileRef = 3FEB96C5194677B200A7ED95 /* Images.xcassets */; };
		3FEB96CD194677B200A7ED95 /* XCTest.framework in Frameworks */ = {isa = PBXBuildFile; fileRef = 3FEB96CC194677B200A7ED95 /* XCTest.framework */; };
		3FEB96CE194677B200A7ED95 /* Foundation.framework in Frameworks */ = {isa = PBXBuildFile; fileRef = 3FEB96AD194677B200A7ED95 /* Foundation.framework */; };
		3FEB96CF194677B200A7ED95 /* UIKit.framework in Frameworks */ = {isa = PBXBuildFile; fileRef = 3FEB96B1194677B200A7ED95 /* UIKit.framework */; };
		3FEB96D7194677B200A7ED95 /* InfoPlist.strings in Resources */ = {isa = PBXBuildFile; fileRef = 3FEB96D5194677B200A7ED95 /* InfoPlist.strings */; };
		3FEB96D9194677B200A7ED95 /* Tableview_ChallengeTests.m in Sources */ = {isa = PBXBuildFile; fileRef = 3FEB96D8194677B200A7ED95 /* Tableview_ChallengeTests.m */; };
/* End PBXBuildFile section */

/* Begin PBXContainerItemProxy section */
		3FEB96D0194677B200A7ED95 /* PBXContainerItemProxy */ = {
			isa = PBXContainerItemProxy;
			containerPortal = 3FEB96A2194677B200A7ED95 /* Project object */;
			proxyType = 1;
			remoteGlobalIDString = 3FEB96A9194677B200A7ED95;
			remoteInfo = "Tableview Challenge";
		};
/* End PBXContainerItemProxy section */

/* Begin PBXFileReference section */
		3FEB96AA194677B200A7ED95 /* Tableview Challenge.app */ = {isa = PBXFileReference; explicitFileType = wrapper.application; includeInIndex = 0; path = "Tableview Challenge.app"; sourceTree = BUILT_PRODUCTS_DIR; };
		3FEB96AD194677B200A7ED95 /* Foundation.framework */ = {isa = PBXFileReference; lastKnownFileType = wrapper.framework; name = Foundation.framework; path = System/Library/Frameworks/Foundation.framework; sourceTree = SDKROOT; };
		3FEB96AF194677B200A7ED95 /* CoreGraphics.framework */ = {isa = PBXFileReference; lastKnownFileType = wrapper.framework; name = CoreGraphics.framework; path = System/Library/Frameworks/CoreGraphics.framework; sourceTree = SDKROOT; };
		3FEB96B1194677B200A7ED95 /* UIKit.framework */ = {isa = PBXFileReference; lastKnownFileType = wrapper.framework; name = UIKit.framework; path = System/Library/Frameworks/UIKit.framework; sourceTree = SDKROOT; };
		3FEB96B5194677B200A7ED95 /* Tableview Challenge-Info.plist */ = {isa = PBXFileReference; lastKnownFileType = text.plist.xml; path = "Tableview Challenge-Info.plist"; sourceTree = "<group>"; };
		3FEB96B7194677B200A7ED95 /* en */ = {isa = PBXFileReference; lastKnownFileType = text.plist.strings; name = en; path = en.lproj/InfoPlist.strings; sourceTree = "<group>"; };
		3FEB96B9194677B200A7ED95 /* main.m */ = {isa = PBXFileReference; lastKnownFileType = sourcecode.c.objc; path = main.m; sourceTree = "<group>"; };
		3FEB96BB194677B200A7ED95 /* Tableview Challenge-Prefix.pch */ = {isa = PBXFileReference; lastKnownFileType = sourcecode.c.h; path = "Tableview Challenge-Prefix.pch"; sourceTree = "<group>"; };
		3FEB96BC194677B200A7ED95 /* TAppDelegate.h */ = {isa = PBXFileReference; lastKnownFileType = sourcecode.c.h; path = TAppDelegate.h; sourceTree = "<group>"; };
		3FEB96BD194677B200A7ED95 /* TAppDelegate.m */ = {isa = PBXFileReference; lastKnownFileType = sourcecode.c.objc; path = TAppDelegate.m; sourceTree = "<group>"; };
		3FEB96C0194677B200A7ED95 /* Base */ = {isa = PBXFileReference; lastKnownFileType = file.storyboard; name = Base; path = Base.lproj/Main.storyboard; sourceTree = "<group>"; };
		3FEB96C2194677B200A7ED95 /* TViewController.h */ = {isa = PBXFileReference; lastKnownFileType = sourcecode.c.h; path = TViewController.h; sourceTree = "<group>"; };
		3FEB96C3194677B200A7ED95 /* TViewController.m */ = {isa = PBXFileReference; lastKnownFileType = sourcecode.c.objc; path = TViewController.m; sourceTree = "<group>"; };
		3FEB96C5194677B200A7ED95 /* Images.xcassets */ = {isa = PBXFileReference; lastKnownFileType = folder.assetcatalog; path = Images.xcassets; sourceTree = "<group>"; };
		3FEB96CB194677B200A7ED95 /* Tableview ChallengeTests.xctest */ = {isa = PBXFileReference; explicitFileType = wrapper.cfbundle; includeInIndex = 0; path = "Tableview ChallengeTests.xctest"; sourceTree = BUILT_PRODUCTS_DIR; };
		3FEB96CC194677B200A7ED95 /* XCTest.framework */ = {isa = PBXFileReference; lastKnownFileType = wrapper.framework; name = XCTest.framework; path = Library/Frameworks/XCTest.framework; sourceTree = DEVELOPER_DIR; };
		3FEB96D4194677B200A7ED95 /* Tableview ChallengeTests-Info.plist */ = {isa = PBXFileReference; lastKnownFileType = text.plist.xml; path = "Tableview ChallengeTests-Info.plist"; sourceTree = "<group>"; };
		3FEB96D6194677B200A7ED95 /* en */ = {isa = PBXFileReference; lastKnownFileType = text.plist.strings; name = en; path = en.lproj/InfoPlist.strings; sourceTree = "<group>"; };
		3FEB96D8194677B200A7ED95 /* Tableview_ChallengeTests.m */ = {isa = PBXFileReference; lastKnownFileType = sourcecode.c.objc; path = Tableview_ChallengeTests.m; sourceTree = "<group>"; };
/* End PBXFileReference section */

/* Begin PBXFrameworksBuildPhase section */
		3FEB96A7194677B200A7ED95 /* Frameworks */ = {
			isa = PBXFrameworksBuildPhase;
			buildActionMask = 2147483647;
			files = (
				3FEB96B0194677B200A7ED95 /* CoreGraphics.framework in Frameworks */,
				3FEB96B2194677B200A7ED95 /* UIKit.framework in Frameworks */,
				3FEB96AE194677B200A7ED95 /* Foundation.framework in Frameworks */,
			);
			runOnlyForDeploymentPostprocessing = 0;
		};
		3FEB96C8194677B200A7ED95 /* Frameworks */ = {
			isa = PBXFrameworksBuildPhase;
			buildActionMask = 2147483647;
			files = (
				3FEB96CD194677B200A7ED95 /* XCTest.framework in Frameworks */,
				3FEB96CF194677B200A7ED95 /* UIKit.framework in Frameworks */,
				3FEB96CE194677B200A7ED95 /* Foundation.framework in Frameworks */,
			);
			runOnlyForDeploymentPostprocessing = 0;
		};
/* End PBXFrameworksBuildPhase section */

/* Begin PBXGroup section */
		3FEB96A1194677B200A7ED95 = {
			isa = PBXGroup;
			children = (
				3FEB96B3194677B200A7ED95 /* Tableview Challenge */,
				3FEB96D2194677B200A7ED95 /* Tableview ChallengeTests */,
				3FEB96AC194677B200A7ED95 /* Frameworks */,
				3FEB96AB194677B200A7ED95 /* Products */,
			);
			sourceTree = "<group>";
		};
		3FEB96AB194677B200A7ED95 /* Products */ = {
			isa = PBXGroup;
			children = (
				3FEB96AA194677B200A7ED95 /* Tableview Challenge.app */,
				3FEB96CB194677B200A7ED95 /* Tableview ChallengeTests.xctest */,
			);
			name = Products;
			sourceTree = "<group>";
		};
		3FEB96AC194677B200A7ED95 /* Frameworks */ = {
			isa = PBXGroup;
			children = (
				3FEB96AD194677B200A7ED95 /* Foundation.framework */,
				3FEB96AF194677B200A7ED95 /* CoreGraphics.framework */,
				3FEB96B1194677B200A7ED95 /* UIKit.framework */,
				3FEB96CC194677B200A7ED95 /* XCTest.framework */,
			);
			name = Frameworks;
			sourceTree = "<group>";
		};
		3FEB96B3194677B200A7ED95 /* Tableview Challenge */ = {
			isa = PBXGroup;
			children = (
				3FEB96BC194677B200A7ED95 /* TAppDelegate.h */,
				3FEB96BD194677B200A7ED95 /* TAppDelegate.m */,
				3FEB96BF194677B200A7ED95 /* Main.storyboard */,
				3FEB96C2194677B200A7ED95 /* TViewController.h */,
				3FEB96C3194677B200A7ED95 /* TViewController.m */,
				3FEB96C5194677B200A7ED95 /* Images.xcassets */,
				3FEB96B4194677B200A7ED95 /* Supporting Files */,
			);
			path = "Tableview Challenge";
			sourceTree = "<group>";
		};
		3FEB96B4194677B200A7ED95 /* Supporting Files */ = {
			isa = PBXGroup;
			children = (
				3FEB96B5194677B200A7ED95 /* Tableview Challenge-Info.plist */,
				3FEB96B6194677B200A7ED95 /* InfoPlist.strings */,
				3FEB96B9194677B200A7ED95 /* main.m */,
				3FEB96BB194677B200A7ED95 /* Tableview Challenge-Prefix.pch */,
			);
			name = "Supporting Files";
			sourceTree = "<group>";
		};
		3FEB96D2194677B200A7ED95 /* Tableview ChallengeTests */ = {
			isa = PBXGroup;
			children = (
				3FEB96D8194677B200A7ED95 /* Tableview_ChallengeTests.m */,
				3FEB96D3194677B200A7ED95 /* Supporting Files */,
			);
			path = "Tableview ChallengeTests";
			sourceTree = "<group>";
		};
		3FEB96D3194677B200A7ED95 /* Supporting Files */ = {
			isa = PBXGroup;
			children = (
				3FEB96D4194677B200A7ED95 /* Tableview ChallengeTests-Info.plist */,
				3FEB96D5194677B200A7ED95 /* InfoPlist.strings */,
			);
			name = "Supporting Files";
			sourceTree = "<group>";
		};
/* End PBXGroup section */

/* Begin PBXNativeTarget section */
		3FEB96A9194677B200A7ED95 /* Tableview Challenge */ = {
			isa = PBXNativeTarget;
			buildConfigurationList = 3FEB96DC194677B200A7ED95 /* Build configuration list for PBXNativeTarget "Tableview Challenge" */;
			buildPhases = (
				3FEB96A6194677B200A7ED95 /* Sources */,
				3FEB96A7194677B200A7ED95 /* Frameworks */,
				3FEB96A8194677B200A7ED95 /* Resources */,
			);
			buildRules = (
			);
			dependencies = (
			);
			name = "Tableview Challenge";
			productName = "Tableview Challenge";
			productReference = 3FEB96AA194677B200A7ED95 /* Tableview Challenge.app */;
			productType = "com.apple.product-type.application";
		};
		3FEB96CA194677B200A7ED95 /* Tableview ChallengeTests */ = {
			isa = PBXNativeTarget;
			buildConfigurationList = 3FEB96DF194677B200A7ED95 /* Build configuration list for PBXNativeTarget "Tableview ChallengeTests" */;
			buildPhases = (
				3FEB96C7194677B200A7ED95 /* Sources */,
				3FEB96C8194677B200A7ED95 /* Frameworks */,
				3FEB96C9194677B200A7ED95 /* Resources */,
			);
			buildRules = (
			);
			dependencies = (
				3FEB96D1194677B200A7ED95 /* PBXTargetDependency */,
			);
			name = "Tableview ChallengeTests";
			productName = "Tableview ChallengeTests";
			productReference = 3FEB96CB194677B200A7ED95 /* Tableview ChallengeTests.xctest */;
			productType = "com.apple.product-type.bundle.unit-test";
		};
/* End PBXNativeTarget section */

/* Begin PBXProject section */
		3FEB96A2194677B200A7ED95 /* Project object */ = {
			isa = PBXProject;
			attributes = {
				CLASSPREFIX = T;
				LastUpgradeCheck = 0510;
				ORGANIZATIONNAME = IST;
				TargetAttributes = {
					3FEB96CA194677B200A7ED95 = {
						TestTargetID = 3FEB96A9194677B200A7ED95;
					};
				};
			};
			buildConfigurationList = 3FEB96A5194677B200A7ED95 /* Build configuration list for PBXProject "Tableview Challenge" */;
			compatibilityVersion = "Xcode 3.2";
			developmentRegion = English;
			hasScannedForEncodings = 0;
			knownRegions = (
				en,
				Base,
			);
			mainGroup = 3FEB96A1194677B200A7ED95;
			productRefGroup = 3FEB96AB194677B200A7ED95 /* Products */;
			projectDirPath = "";
			projectRoot = "";
			targets = (
				3FEB96A9194677B200A7ED95 /* Tableview Challenge */,
				3FEB96CA194677B200A7ED95 /* Tableview ChallengeTests */,
			);
		};
/* End PBXProject section */

/* Begin PBXResourcesBuildPhase section */
		3FEB96A8194677B200A7ED95 /* Resources */ = {
			isa = PBXResourcesBuildPhase;
			buildActionMask = 2147483647;
			files = (
				3FEB96C6194677B200A7ED95 /* Images.xcassets in Resources */,
				3FEB96B8194677B200A7ED95 /* InfoPlist.strings in Resources */,
				3FEB96C1194677B200A7ED95 /* Main.storyboard in Resources */,
			);
			runOnlyForDeploymentPostprocessing = 0;
		};
		3FEB96C9194677B200A7ED95 /* Resources */ = {
			isa = PBXResourcesBuildPhase;
			buildActionMask = 2147483647;
			files = (
				3FEB96D7194677B200A7ED95 /* InfoPlist.strings in Resources */,
			);
			runOnlyForDeploymentPostprocessing = 0;
		};
/* End PBXResourcesBuildPhase section */

/* Begin PBXSourcesBuildPhase section */
		3FEB96A6194677B200A7ED95 /* Sources */ = {
			isa = PBXSourcesBuildPhase;
			buildActionMask = 2147483647;
			files = (
				3FEB96BA194677B200A7ED95 /* main.m in Sources */,
				3FEB96BE194677B200A7ED95 /* TAppDelegate.m in Sources */,
				3FEB96C4194677B200A7ED95 /* TViewController.m in Sources */,
			);
			runOnlyForDeploymentPostprocessing = 0;
		};
		3FEB96C7194677B200A7ED95 /* Sources */ = {
			isa = PBXSourcesBuildPhase;
			buildActionMask = 2147483647;
			files = (
				3FEB96D9194677B200A7ED95 /* Tableview_ChallengeTests.m in Sources */,
			);
			runOnlyForDeploymentPostprocessing = 0;
		};
/* End PBXSourcesBuildPhase section */

/* Begin PBXTargetDependency section */
		3FEB96D1194677B200A7ED95 /* PBXTargetDependency */ = {
			isa = PBXTargetDependency;
			target = 3FEB96A9194677B200A7ED95 /* Tableview Challenge */;
			targetProxy = 3FEB96D0194677B200A7ED95 /* PBXContainerItemProxy */;
		};
/* End PBXTargetDependency section */

/* Begin PBXVariantGroup section */
		3FEB96B6194677B200A7ED95 /* InfoPlist.strings */ = {
			isa = PBXVariantGroup;
			children = (
				3FEB96B7194677B200A7ED95 /* en */,
			);
			name = InfoPlist.strings;
			sourceTree = "<group>";
		};
		3FEB96BF194677B200A7ED95 /* Main.storyboard */ = {
			isa = PBXVariantGroup;
			children = (
				3FEB96C0194677B200A7ED95 /* Base */,
			);
			name = Main.storyboard;
			sourceTree = "<group>";
		};
		3FEB96D5194677B200A7ED95 /* InfoPlist.strings */ = {
			isa = PBXVariantGroup;
			children = (
				3FEB96D6194677B200A7ED95 /* en */,
			);
			name = InfoPlist.strings;
			sourceTree = "<group>";
		};
/* End PBXVariantGroup section */

/* Begin XCBuildConfiguration section */
		3FEB96DA194677B200A7ED95 /* Debug */ = {
			isa = XCBuildConfiguration;
			buildSettings = {
				ALWAYS_SEARCH_USER_PATHS = NO;
				CLANG_CXX_LANGUAGE_STANDARD = "gnu++0x";
				CLANG_CXX_LIBRARY = "libc++";
				CLANG_ENABLE_MODULES = YES;
				CLANG_ENABLE_OBJC_ARC = YES;
				CLANG_WARN_BOOL_CONVERSION = YES;
				CLANG_WARN_CONSTANT_CONVERSION = YES;
				CLANG_WARN_DIRECT_OBJC_ISA_USAGE = YES_ERROR;
				CLANG_WARN_EMPTY_BODY = YES;
				CLANG_WARN_ENUM_CONVERSION = YES;
				CLANG_WARN_INT_CONVERSION = YES;
				CLANG_WARN_OBJC_ROOT_CLASS = YES_ERROR;
				CLANG_WARN__DUPLICATE_METHOD_MATCH = YES;
				"CODE_SIGN_IDENTITY[sdk=iphoneos*]" = "iPhone Developer";
				COPY_PHASE_STRIP = NO;
				GCC_C_LANGUAGE_STANDARD = gnu99;
				GCC_DYNAMIC_NO_PIC = NO;
				GCC_OPTIMIZATION_LEVEL = 0;
				GCC_PREPROCESSOR_DEFINITIONS = (
					"DEBUG=1",
					"$(inherited)",
				);
				GCC_SYMBOLS_PRIVATE_EXTERN = NO;
				GCC_WARN_64_TO_32_BIT_CONVERSION = YES;
				GCC_WARN_ABOUT_RETURN_TYPE = YES_ERROR;
				GCC_WARN_UNDECLARED_SELECTOR = YES;
				GCC_WARN_UNINITIALIZED_AUTOS = YES_AGGRESSIVE;
				GCC_WARN_UNUSED_FUNCTION = YES;
				GCC_WARN_UNUSED_VARIABLE = YES;
				IPHONEOS_DEPLOYMENT_TARGET = 7.1;
				ONLY_ACTIVE_ARCH = YES;
				SDKROOT = iphoneos;
			};
			name = Debug;
		};
		3FEB96DB194677B200A7ED95 /* Release */ = {
			isa = XCBuildConfiguration;
			buildSettings = {
				ALWAYS_SEARCH_USER_PATHS = NO;
				CLANG_CXX_LANGUAGE_STANDARD = "gnu++0x";
				CLANG_CXX_LIBRARY = "libc++";
				CLANG_ENABLE_MODULES = YES;
				CLANG_ENABLE_OBJC_ARC = YES;
				CLANG_WARN_BOOL_CONVERSION = YES;
				CLANG_WARN_CONSTANT_CONVERSION = YES;
				CLANG_WARN_DIRECT_OBJC_ISA_USAGE = YES_ERROR;
				CLANG_WARN_EMPTY_BODY = YES;
				CLANG_WARN_ENUM_CONVERSION = YES;
				CLANG_WARN_INT_CONVERSION = YES;
				CLANG_WARN_OBJC_ROOT_CLASS = YES_ERROR;
				CLANG_WARN__DUPLICATE_METHOD_MATCH = YES;
				"CODE_SIGN_IDENTITY[sdk=iphoneos*]" = "iPhone Developer";
				COPY_PHASE_STRIP = YES;
				ENABLE_NS_ASSERTIONS = NO;
				GCC_C_LANGUAGE_STANDARD = gnu99;
				GCC_WARN_64_TO_32_BIT_CONVERSION = YES;
				GCC_WARN_ABOUT_RETURN_TYPE = YES_ERROR;
				GCC_WARN_UNDECLARED_SELECTOR = YES;
				GCC_WARN_UNINITIALIZED_AUTOS = YES_AGGRESSIVE;
				GCC_WARN_UNUSED_FUNCTION = YES;
				GCC_WARN_UNUSED_VARIABLE = YES;
				IPHONEOS_DEPLOYMENT_TARGET = 7.1;
				SDKROOT = iphoneos;
				VALIDATE_PRODUCT = YES;
			};
			name = Release;
		};
		3FEB96DD194677B200A7ED95 /* Debug */ = {
			isa = XCBuildConfiguration;
			buildSettings = {
				ASSETCATALOG_COMPILER_APPICON_NAME = AppIcon;
				ASSETCATALOG_COMPILER_LAUNCHIMAGE_NAME = LaunchImage;
				GCC_PRECOMPILE_PREFIX_HEADER = YES;
				GCC_PREFIX_HEADER = "Tableview Challenge/Tableview Challenge-Prefix.pch";
				INFOPLIST_FILE = "Tableview Challenge/Tableview Challenge-Info.plist";
				PRODUCT_NAME = "$(TARGET_NAME)";
				WRAPPER_EXTENSION = app;
			};
			name = Debug;
		};
		3FEB96DE194677B200A7ED95 /* Release */ = {
			isa = XCBuildConfiguration;
			buildSettings = {
				ASSETCATALOG_COMPILER_APPICON_NAME = AppIcon;
				ASSETCATALOG_COMPILER_LAUNCHIMAGE_NAME = LaunchImage;
				GCC_PRECOMPILE_PREFIX_HEADER = YES;
				GCC_PREFIX_HEADER = "Tableview Challenge/Tableview Challenge-Prefix.pch";
				INFOPLIST_FILE = "Tableview Challenge/Tableview Challenge-Info.plist";
				PRODUCT_NAME = "$(TARGET_NAME)";
				WRAPPER_EXTENSION = app;
			};
			name = Release;
		};
		3FEB96E0194677B200A7ED95 /* Debug */ = {
			isa = XCBuildConfiguration;
			buildSettings = {
				BUNDLE_LOADER = "$(BUILT_PRODUCTS_DIR)/Tableview Challenge.app/Tableview Challenge";
				FRAMEWORK_SEARCH_PATHS = (
					"$(SDKROOT)/Developer/Library/Frameworks",
					"$(inherited)",
					"$(DEVELOPER_FRAMEWORKS_DIR)",
				);
				GCC_PRECOMPILE_PREFIX_HEADER = YES;
				GCC_PREFIX_HEADER = "Tableview Challenge/Tableview Challenge-Prefix.pch";
				GCC_PREPROCESSOR_DEFINITIONS = (
					"DEBUG=1",
					"$(inherited)",
				);
				INFOPLIST_FILE = "Tableview ChallengeTests/Tableview ChallengeTests-Info.plist";
				PRODUCT_NAME = "$(TARGET_NAME)";
				TEST_HOST = "$(BUNDLE_LOADER)";
				WRAPPER_EXTENSION = xctest;
			};
			name = Debug;
		};
		3FEB96E1194677B200A7ED95 /* Release */ = {
			isa = XCBuildConfiguration;
			buildSettings = {
				BUNDLE_LOADER = "$(BUILT_PRODUCTS_DIR)/Tableview Challenge.app/Tableview Challenge";
				FRAMEWORK_SEARCH_PATHS = (
					"$(SDKROOT)/Developer/Library/Frameworks",
					"$(inherited)",
					"$(DEVELOPER_FRAMEWORKS_DIR)",
				);
				GCC_PRECOMPILE_PREFIX_HEADER = YES;
				GCC_PREFIX_HEADER = "Tableview Challenge/Tableview Challenge-Prefix.pch";
				INFOPLIST_FILE = "Tableview ChallengeTests/Tableview ChallengeTests-Info.plist";
				PRODUCT_NAME = "$(TARGET_NAME)";
				TEST_HOST = "$(BUNDLE_LOADER)";
				WRAPPER_EXTENSION = xctest;
			};
			name = Release;
		};
/* End XCBuildConfiguration section */

/* Begin XCConfigurationList section */
		3FEB96A5194677B200A7ED95 /* Build configuration list for PBXProject "Tableview Challenge" */ = {
			isa = XCConfigurationList;
			buildConfigurations = (
				3FEB96DA194677B200A7ED95 /* Debug */,
				3FEB96DB194677B200A7ED95 /* Release */,
			);
			defaultConfigurationIsVisible = 0;
			defaultConfigurationName = Release;
		};
		3FEB96DC194677B200A7ED95 /* Build configuration list for PBXNativeTarget "Tableview Challenge" */ = {
			isa = XCConfigurationList;
			buildConfigurations = (
				3FEB96DD194677B200A7ED95 /* Debug */,
				3FEB96DE194677B200A7ED95 /* Release */,
			);
			defaultConfigurationIsVisible = 0;
		};
		3FEB96DF194677B200A7ED95 /* Build configuration list for PBXNativeTarget "Tableview ChallengeTests" */ = {
			isa = XCConfigurationList;
			buildConfigurations = (
				3FEB96E0194677B200A7ED95 /* Debug */,
				3FEB96E1194677B200A7ED95 /* Release */,
			);
			defaultConfigurationIsVisible = 0;
		};
/* End XCConfigurationList section */
	};
	rootObject = 3FEB96A2194677B200A7ED95 /* Project object */;
}
